
Microsoft Visual Studio Solution File, Format Version 12.00
# Visual Studio Version 17
VisualStudioVersion = 17.0.31903.59
MinimumVisualStudioVersion = 10.0.40219.1
Project("{2150E333-8FDC-42A3-9474-1A3956D46DE8}") = "src", "src", "{5918309D-864B-4562-8654-A60C50121751}"
EndProject
Project("{FAE04EC0-301F-11D3-BF4B-00C04F79EFBC}") = "AuctionService", "src\AuctionService\AuctionService.csproj", "{B440C718-7BB3-4685-B273-A6FFE71A3810}"
EndProject
Project("{FAE04EC0-301F-11D3-BF4B-00C04F79EFBC}") = "SearchService", "src\SearchService\SearchService.csproj", "{C1C07D66-0CE7-4891-B641-E69552F7A514}"
EndProject
Project("{FAE04EC0-301F-11D3-BF4B-00C04F79EFBC}") = "Contracts", "src\Contracts\Contracts.csproj", "{19E0B337-9DA1-4404-8FB0-A496B6A6AA73}"
EndProject
Project("{FAE04EC0-301F-11D3-BF4B-00C04F79EFBC}") = "IdentityService", "src\IdentityService\IdentityService.csproj", "{4B1FDD0F-0D7D-45F7-8F50-9916891DFE8F}"
EndProject
Project("{FAE04EC0-301F-11D3-BF4B-00C04F79EFBC}") = "GatewayService", "src\GatewayService\GatewayService.csproj", "{20FCA5F6-086F-4976-8B01-B3CA8A8AF7B8}"
EndProject
Project("{FAE04EC0-301F-11D3-BF4B-00C04F79EFBC}") = "BiddingService", "src\BiddingService\BiddingService.csproj", "{E2D79179-931D-4118-9B0E-5B063AF484BC}"
EndProject
Project("{FAE04EC0-301F-11D3-BF4B-00C04F79EFBC}") = "NotificationService", "src\NotificationService\NotificationService.csproj", "{38BBE43A-950D-4362-8C01-AD4A33D687F7}"
EndProject
Global
	GlobalSection(SolutionConfigurationPlatforms) = preSolution
		Debug|Any CPU = Debug|Any CPU
		Debug|x64 = Debug|x64
		Debug|x86 = Debug|x86
		Release|Any CPU = Release|Any CPU
		Release|x64 = Release|x64
		Release|x86 = Release|x86
	EndGlobalSection
	GlobalSection(ProjectConfigurationPlatforms) = postSolution
		{B440C718-7BB3-4685-B273-A6FFE71A3810}.Debug|Any CPU.ActiveCfg = Debug|Any CPU
		{B440C718-7BB3-4685-B273-A6FFE71A3810}.Debug|Any CPU.Build.0 = Debug|Any CPU
		{B440C718-7BB3-4685-B273-A6FFE71A3810}.Debug|x64.ActiveCfg = Debug|Any CPU
		{B440C718-7BB3-4685-B273-A6FFE71A3810}.Debug|x64.Build.0 = Debug|Any CPU
		{B440C718-7BB3-4685-B273-A6FFE71A3810}.Debug|x86.ActiveCfg = Debug|Any CPU
		{B440C718-7BB3-4685-B273-A6FFE71A3810}.Debug|x86.Build.0 = Debug|Any CPU
		{B440C718-7BB3-4685-B273-A6FFE71A3810}.Release|Any CPU.ActiveCfg = Release|Any CPU
		{B440C718-7BB3-4685-B273-A6FFE71A3810}.Release|Any CPU.Build.0 = Release|Any CPU
		{B440C718-7BB3-4685-B273-A6FFE71A3810}.Release|x64.ActiveCfg = Release|Any CPU
		{B440C718-7BB3-4685-B273-A6FFE71A3810}.Release|x64.Build.0 = Release|Any CPU
		{B440C718-7BB3-4685-B273-A6FFE71A3810}.Release|x86.ActiveCfg = Release|Any CPU
		{B440C718-7BB3-4685-B273-A6FFE71A3810}.Release|x86.Build.0 = Release|Any CPU
		{C1C07D66-0CE7-4891-B641-E69552F7A514}.Debug|Any CPU.ActiveCfg = Debug|Any CPU
		{C1C07D66-0CE7-4891-B641-E69552F7A514}.Debug|Any CPU.Build.0 = Debug|Any CPU
		{C1C07D66-0CE7-4891-B641-E69552F7A514}.Debug|x64.ActiveCfg = Debug|Any CPU
		{C1C07D66-0CE7-4891-B641-E69552F7A514}.Debug|x64.Build.0 = Debug|Any CPU
		{C1C07D66-0CE7-4891-B641-E69552F7A514}.Debug|x86.ActiveCfg = Debug|Any CPU
		{C1C07D66-0CE7-4891-B641-E69552F7A514}.Debug|x86.Build.0 = Debug|Any CPU
		{C1C07D66-0CE7-4891-B641-E69552F7A514}.Release|Any CPU.ActiveCfg = Release|Any CPU
		{C1C07D66-0CE7-4891-B641-E69552F7A514}.Release|Any CPU.Build.0 = Release|Any CPU
		{C1C07D66-0CE7-4891-B641-E69552F7A514}.Release|x64.ActiveCfg = Release|Any CPU
		{C1C07D66-0CE7-4891-B641-E69552F7A514}.Release|x64.Build.0 = Release|Any CPU
		{C1C07D66-0CE7-4891-B641-E69552F7A514}.Release|x86.ActiveCfg = Release|Any CPU
		{C1C07D66-0CE7-4891-B641-E69552F7A514}.Release|x86.Build.0 = Release|Any CPU
		{19E0B337-9DA1-4404-8FB0-A496B6A6AA73}.Debug|Any CPU.ActiveCfg = Debug|Any CPU
		{19E0B337-9DA1-4404-8FB0-A496B6A6AA73}.Debug|Any CPU.Build.0 = Debug|Any CPU
		{19E0B337-9DA1-4404-8FB0-A496B6A6AA73}.Debug|x64.ActiveCfg = Debug|Any CPU
		{19E0B337-9DA1-4404-8FB0-A496B6A6AA73}.Debug|x64.Build.0 = Debug|Any CPU
		{19E0B337-9DA1-4404-8FB0-A496B6A6AA73}.Debug|x86.ActiveCfg = Debug|Any CPU
		{19E0B337-9DA1-4404-8FB0-A496B6A6AA73}.Debug|x86.Build.0 = Debug|Any CPU
		{19E0B337-9DA1-4404-8FB0-A496B6A6AA73}.Release|Any CPU.ActiveCfg = Release|Any CPU
		{19E0B337-9DA1-4404-8FB0-A496B6A6AA73}.Release|Any CPU.Build.0 = Release|Any CPU
		{19E0B337-9DA1-4404-8FB0-A496B6A6AA73}.Release|x64.ActiveCfg = Release|Any CPU
		{19E0B337-9DA1-4404-8FB0-A496B6A6AA73}.Release|x64.Build.0 = Release|Any CPU
		{19E0B337-9DA1-4404-8FB0-A496B6A6AA73}.Release|x86.ActiveCfg = Release|Any CPU
		{19E0B337-9DA1-4404-8FB0-A496B6A6AA73}.Release|x86.Build.0 = Release|Any CPU
		{4B1FDD0F-0D7D-45F7-8F50-9916891DFE8F}.Debug|Any CPU.ActiveCfg = Debug|Any CPU
		{4B1FDD0F-0D7D-45F7-8F50-9916891DFE8F}.Debug|Any CPU.Build.0 = Debug|Any CPU
		{4B1FDD0F-0D7D-45F7-8F50-9916891DFE8F}.Debug|x64.ActiveCfg = Debug|Any CPU
		{4B1FDD0F-0D7D-45F7-8F50-9916891DFE8F}.Debug|x64.Build.0 = Debug|Any CPU
		{4B1FDD0F-0D7D-45F7-8F50-9916891DFE8F}.Debug|x86.ActiveCfg = Debug|Any CPU
		{4B1FDD0F-0D7D-45F7-8F50-9916891DFE8F}.Debug|x86.Build.0 = Debug|Any CPU
		{4B1FDD0F-0D7D-45F7-8F50-9916891DFE8F}.Release|Any CPU.ActiveCfg = Release|Any CPU
		{4B1FDD0F-0D7D-45F7-8F50-9916891DFE8F}.Release|Any CPU.Build.0 = Release|Any CPU
		{4B1FDD0F-0D7D-45F7-8F50-9916891DFE8F}.Release|x64.ActiveCfg = Release|Any CPU
		{4B1FDD0F-0D7D-45F7-8F50-9916891DFE8F}.Release|x64.Build.0 = Release|Any CPU
		{4B1FDD0F-0D7D-45F7-8F50-9916891DFE8F}.Release|x86.ActiveCfg = Release|Any CPU
		{4B1FDD0F-0D7D-45F7-8F50-9916891DFE8F}.Release|x86.Build.0 = Release|Any CPU
		{20FCA5F6-086F-4976-8B01-B3CA8A8AF7B8}.Debug|Any CPU.ActiveCfg = Debug|Any CPU
		{20FCA5F6-086F-4976-8B01-B3CA8A8AF7B8}.Debug|Any CPU.Build.0 = Debug|Any CPU
		{20FCA5F6-086F-4976-8B01-B3CA8A8AF7B8}.Debug|x64.ActiveCfg = Debug|Any CPU
		{20FCA5F6-086F-4976-8B01-B3CA8A8AF7B8}.Debug|x64.Build.0 = Debug|Any CPU
		{20FCA5F6-086F-4976-8B01-B3CA8A8AF7B8}.Debug|x86.ActiveCfg = Debug|Any CPU
		{20FCA5F6-086F-4976-8B01-B3CA8A8AF7B8}.Debug|x86.Build.0 = Debug|Any CPU
		{20FCA5F6-086F-4976-8B01-B3CA8A8AF7B8}.Release|Any CPU.ActiveCfg = Release|Any CPU
		{20FCA5F6-086F-4976-8B01-B3CA8A8AF7B8}.Release|Any CPU.Build.0 = Release|Any CPU
		{20FCA5F6-086F-4976-8B01-B3CA8A8AF7B8}.Release|x64.ActiveCfg = Release|Any CPU
		{20FCA5F6-086F-4976-8B01-B3CA8A8AF7B8}.Release|x64.Build.0 = Release|Any CPU
		{20FCA5F6-086F-4976-8B01-B3CA8A8AF7B8}.Release|x86.ActiveCfg = Release|Any CPU
		{20FCA5F6-086F-4976-8B01-B3CA8A8AF7B8}.Release|x86.Build.0 = Release|Any CPU
		{E2D79179-931D-4118-9B0E-5B063AF484BC}.Debug|Any CPU.ActiveCfg = Debug|Any CPU
		{E2D79179-931D-4118-9B0E-5B063AF484BC}.Debug|Any CPU.Build.0 = Debug|Any CPU
		{E2D79179-931D-4118-9B0E-5B063AF484BC}.Debug|x64.ActiveCfg = Debug|Any CPU
		{E2D79179-931D-4118-9B0E-5B063AF484BC}.Debug|x64.Build.0 = Debug|Any CPU
		{E2D79179-931D-4118-9B0E-5B063AF484BC}.Debug|x86.ActiveCfg = Debug|Any CPU
		{E2D79179-931D-4118-9B0E-5B063AF484BC}.Debug|x86.Build.0 = Debug|Any CPU
		{E2D79179-931D-4118-9B0E-5B063AF484BC}.Release|Any CPU.ActiveCfg = Release|Any CPU
		{E2D79179-931D-4118-9B0E-5B063AF484BC}.Release|Any CPU.Build.0 = Release|Any CPU
		{E2D79179-931D-4118-9B0E-5B063AF484BC}.Release|x64.ActiveCfg = Release|Any CPU
		{E2D79179-931D-4118-9B0E-5B063AF484BC}.Release|x64.Build.0 = Release|Any CPU
		{E2D79179-931D-4118-9B0E-5B063AF484BC}.Release|x86.ActiveCfg = Release|Any CPU
		{E2D79179-931D-4118-9B0E-5B063AF484BC}.Release|x86.Build.0 = Release|Any CPU
		{38BBE43A-950D-4362-8C01-AD4A33D687F7}.Debug|Any CPU.ActiveCfg = Debug|Any CPU
		{38BBE43A-950D-4362-8C01-AD4A33D687F7}.Debug|Any CPU.Build.0 = Debug|Any CPU
		{38BBE43A-950D-4362-8C01-AD4A33D687F7}.Debug|x64.ActiveCfg = Debug|Any CPU
		{38BBE43A-950D-4362-8C01-AD4A33D687F7}.Debug|x64.Build.0 = Debug|Any CPU
		{38BBE43A-950D-4362-8C01-AD4A33D687F7}.Debug|x86.ActiveCfg = Debug|Any CPU
		{38BBE43A-950D-4362-8C01-AD4A33D687F7}.Debug|x86.Build.0 = Debug|Any CPU
		{38BBE43A-950D-4362-8C01-AD4A33D687F7}.Release|Any CPU.ActiveCfg = Release|Any CPU
		{38BBE43A-950D-4362-8C01-AD4A33D687F7}.Release|Any CPU.Build.0 = Release|Any CPU
		{38BBE43A-950D-4362-8C01-AD4A33D687F7}.Release|x64.ActiveCfg = Release|Any CPU
		{38BBE43A-950D-4362-8C01-AD4A33D687F7}.Release|x64.Build.0 = Release|Any CPU
		{38BBE43A-950D-4362-8C01-AD4A33D687F7}.Release|x86.ActiveCfg = Release|Any CPU
		{38BBE43A-950D-4362-8C01-AD4A33D687F7}.Release|x86.Build.0 = Release|Any CPU
	EndGlobalSection
	GlobalSection(SolutionProperties) = preSolution
		HideSolutionNode = FALSE
	EndGlobalSection
	GlobalSection(NestedProjects) = preSolution
		{B440C718-7BB3-4685-B273-A6FFE71A3810} = {5918309D-864B-4562-8654-A60C50121751}
		{C1C07D66-0CE7-4891-B641-E69552F7A514} = {5918309D-864B-4562-8654-A60C50121751}
		{19E0B337-9DA1-4404-8FB0-A496B6A6AA73} = {5918309D-864B-4562-8654-A60C50121751}
		{4B1FDD0F-0D7D-45F7-8F50-9916891DFE8F} = {5918309D-864B-4562-8654-A60C50121751}
		{20FCA5F6-086F-4976-8B01-B3CA8A8AF7B8} = {5918309D-864B-4562-8654-A60C50121751}
		{E2D79179-931D-4118-9B0E-5B063AF484BC} = {5918309D-864B-4562-8654-A60C50121751}
		{38BBE43A-950D-4362-8C01-AD4A33D687F7} = {5918309D-864B-4562-8654-A60C50121751}
	EndGlobalSection
EndGlobal
